
Microsoft Visual Studio Solution File, Format Version 12.00
# Visual Studio Version 17
VisualStudioVersion = 17.0.32112.339
MinimumVisualStudioVersion = 10.0.40219.1
Project("{FAE04EC0-301F-11D3-BF4B-00C04F79EFBC}") = "NumerosRomanos", "NumerosRomanos\NumerosRomanos\NumerosRomanos.csproj", "{A450032A-056C-462D-BB8A-C9A9FF0CB644}"
EndProject
Project("{FAE04EC0-301F-11D3-BF4B-00C04F79EFBC}") = "NumerosRomanosTest", "NumerosRomanosTest\NumerosRomanosTest\NumerosRomanosTest.csproj", "{31E1AD7B-0C32-4B18-A8FB-1AEA6F5189A5}"
EndProject
Global
	GlobalSection(SolutionConfigurationPlatforms) = preSolution
		Debug|Any CPU = Debug|Any CPU
		Release|Any CPU = Release|Any CPU
	EndGlobalSection
	GlobalSection(ProjectConfigurationPlatforms) = postSolution
		{A450032A-056C-462D-BB8A-C9A9FF0CB644}.Debug|Any CPU.ActiveCfg = Debug|Any CPU
		{A450032A-056C-462D-BB8A-C9A9FF0CB644}.Debug|Any CPU.Build.0 = Debug|Any CPU
		{A450032A-056C-462D-BB8A-C9A9FF0CB644}.Release|Any CPU.ActiveCfg = Release|Any CPU
		{A450032A-056C-462D-BB8A-C9A9FF0CB644}.Release|Any CPU.Build.0 = Release|Any CPU
		{31E1AD7B-0C32-4B18-A8FB-1AEA6F5189A5}.Debug|Any CPU.ActiveCfg = Debug|Any CPU
		{31E1AD7B-0C32-4B18-A8FB-1AEA6F5189A5}.Debug|Any CPU.Build.0 = Debug|Any CPU
		{31E1AD7B-0C32-4B18-A8FB-1AEA6F5189A5}.Release|Any CPU.ActiveCfg = Release|Any CPU
		{31E1AD7B-0C32-4B18-A8FB-1AEA6F5189A5}.Release|Any CPU.Build.0 = Release|Any CPU
	EndGlobalSection
	GlobalSection(SolutionProperties) = preSolution
		HideSolutionNode = FALSE
	EndGlobalSection
	GlobalSection(ExtensibilityGlobals) = postSolution
		SolutionGuid = {25190867-A32E-4028-88DE-3FA2450A5C61}
	EndGlobalSection
EndGlobal
